// !$*UTF8*$!
{
	archiveVersion = 1;
	classes = {
	};
	objectVersion = 56;
	objects = {

/* Begin PBXBuildFile section */
		84FDD7D9298E947900A84F14 /* AppDelegate.swift in Sources */ = {isa = PBXBuildFile; fileRef = 84FDD7D8298E947900A84F14 /* AppDelegate.swift */; };
		84FDD7DB298E947900A84F14 /* SceneDelegate.swift in Sources */ = {isa = PBXBuildFile; fileRef = 84FDD7DA298E947900A84F14 /* SceneDelegate.swift */; };
		84FDD7E2298E947C00A84F14 /* Assets.xcassets in Resources */ = {isa = PBXBuildFile; fileRef = 84FDD7E1298E947C00A84F14 /* Assets.xcassets */; };
		84FDD7E5298E947C00A84F14 /* LaunchScreen.storyboard in Resources */ = {isa = PBXBuildFile; fileRef = 84FDD7E3298E947C00A84F14 /* LaunchScreen.storyboard */; };
		84FDD7EE298E953700A84F14 /* NewsTableViewController.swift in Sources */ = {isa = PBXBuildFile; fileRef = 84FDD7ED298E953700A84F14 /* NewsTableViewController.swift */; };
		84FDD7F0298E95EA00A84F14 /* NewsPresenter.swift in Sources */ = {isa = PBXBuildFile; fileRef = 84FDD7EF298E95EA00A84F14 /* NewsPresenter.swift */; };
		84FDD7F2298E960A00A84F14 /* NewsInteractor.swift in Sources */ = {isa = PBXBuildFile; fileRef = 84FDD7F1298E960A00A84F14 /* NewsInteractor.swift */; };
		84FDD7F4298E961A00A84F14 /* NewsConfigurator.swift in Sources */ = {isa = PBXBuildFile; fileRef = 84FDD7F3298E961A00A84F14 /* NewsConfigurator.swift */; };
		84FDD7F8298E963E00A84F14 /* News.swift in Sources */ = {isa = PBXBuildFile; fileRef = 84FDD7F7298E963E00A84F14 /* News.swift */; };
		84FDD7FA298E968D00A84F14 /* NetworkService.swift in Sources */ = {isa = PBXBuildFile; fileRef = 84FDD7F9298E968D00A84F14 /* NetworkService.swift */; };
		84FDD801298FD28D00A84F14 /* NewsTableViewCell.swift in Sources */ = {isa = PBXBuildFile; fileRef = 84FDD7FF298FD28D00A84F14 /* NewsTableViewCell.swift */; };
		84FDD802298FD28D00A84F14 /* NewsTableViewCell.xib in Resources */ = {isa = PBXBuildFile; fileRef = 84FDD800298FD28D00A84F14 /* NewsTableViewCell.xib */; };
		84FDD807298FEC9900A84F14 /* DescriptionViewController.swift in Sources */ = {isa = PBXBuildFile; fileRef = 84FDD806298FEC9900A84F14 /* DescriptionViewController.swift */; };
		84FDD80D2990113600A84F14 /* NewsImageView.swift in Sources */ = {isa = PBXBuildFile; fileRef = 84FDD80C2990113600A84F14 /* NewsImageView.swift */; };
		84FDD80F2990443000A84F14 /* DescriptionViewController.storyboard in Resources */ = {isa = PBXBuildFile; fileRef = 84FDD80E2990443000A84F14 /* DescriptionViewController.storyboard */; };
/* End PBXBuildFile section */

/* Begin PBXFileReference section */
		84FDD7D5298E947900A84F14 /* News.app */ = {isa = PBXFileReference; explicitFileType = wrapper.application; includeInIndex = 0; path = News.app; sourceTree = BUILT_PRODUCTS_DIR; };
		84FDD7D8298E947900A84F14 /* AppDelegate.swift */ = {isa = PBXFileReference; lastKnownFileType = sourcecode.swift; path = AppDelegate.swift; sourceTree = "<group>"; };
		84FDD7DA298E947900A84F14 /* SceneDelegate.swift */ = {isa = PBXFileReference; lastKnownFileType = sourcecode.swift; path = SceneDelegate.swift; sourceTree = "<group>"; };
		84FDD7E1298E947C00A84F14 /* Assets.xcassets */ = {isa = PBXFileReference; lastKnownFileType = folder.assetcatalog; path = Assets.xcassets; sourceTree = "<group>"; };
		84FDD7E4298E947C00A84F14 /* Base */ = {isa = PBXFileReference; lastKnownFileType = file.storyboard; name = Base; path = Base.lproj/LaunchScreen.storyboard; sourceTree = "<group>"; };
		84FDD7E6298E947C00A84F14 /* Info.plist */ = {isa = PBXFileReference; lastKnownFileType = text.plist.xml; path = Info.plist; sourceTree = "<group>"; };
		84FDD7ED298E953700A84F14 /* NewsTableViewController.swift */ = {isa = PBXFileReference; lastKnownFileType = sourcecode.swift; path = NewsTableViewController.swift; sourceTree = "<group>"; };
		84FDD7EF298E95EA00A84F14 /* NewsPresenter.swift */ = {isa = PBXFileReference; lastKnownFileType = sourcecode.swift; path = NewsPresenter.swift; sourceTree = "<group>"; };
		84FDD7F1298E960A00A84F14 /* NewsInteractor.swift */ = {isa = PBXFileReference; lastKnownFileType = sourcecode.swift; path = NewsInteractor.swift; sourceTree = "<group>"; };
		84FDD7F3298E961A00A84F14 /* NewsConfigurator.swift */ = {isa = PBXFileReference; lastKnownFileType = sourcecode.swift; path = NewsConfigurator.swift; sourceTree = "<group>"; };
		84FDD7F7298E963E00A84F14 /* News.swift */ = {isa = PBXFileReference; lastKnownFileType = sourcecode.swift; path = News.swift; sourceTree = "<group>"; };
		84FDD7F9298E968D00A84F14 /* NetworkService.swift */ = {isa = PBXFileReference; lastKnownFileType = sourcecode.swift; path = NetworkService.swift; sourceTree = "<group>"; };
		84FDD7FF298FD28D00A84F14 /* NewsTableViewCell.swift */ = {isa = PBXFileReference; lastKnownFileType = sourcecode.swift; path = NewsTableViewCell.swift; sourceTree = "<group>"; };
		84FDD800298FD28D00A84F14 /* NewsTableViewCell.xib */ = {isa = PBXFileReference; lastKnownFileType = file.xib; path = NewsTableViewCell.xib; sourceTree = "<group>"; };
		84FDD806298FEC9900A84F14 /* DescriptionViewController.swift */ = {isa = PBXFileReference; lastKnownFileType = sourcecode.swift; path = DescriptionViewController.swift; sourceTree = "<group>"; };
		84FDD80C2990113600A84F14 /* NewsImageView.swift */ = {isa = PBXFileReference; lastKnownFileType = sourcecode.swift; path = NewsImageView.swift; sourceTree = "<group>"; };
		84FDD80E2990443000A84F14 /* DescriptionViewController.storyboard */ = {isa = PBXFileReference; lastKnownFileType = file.storyboard; path = DescriptionViewController.storyboard; sourceTree = "<group>"; };
/* End PBXFileReference section */

/* Begin PBXFrameworksBuildPhase section */
		84FDD7D2298E947900A84F14 /* Frameworks */ = {
			isa = PBXFrameworksBuildPhase;
			buildActionMask = 2147483647;
			files = (
			);
			runOnlyForDeploymentPostprocessing = 0;
		};
/* End PBXFrameworksBuildPhase section */

/* Begin PBXGroup section */
		84FDD7CC298E947900A84F14 = {
			isa = PBXGroup;
			children = (
				84FDD7D7298E947900A84F14 /* News */,
				84FDD7D6298E947900A84F14 /* Products */,
			);
			sourceTree = "<group>";
		};
		84FDD7D6298E947900A84F14 /* Products */ = {
			isa = PBXGroup;
			children = (
				84FDD7D5298E947900A84F14 /* News.app */,
			);
			name = Products;
			sourceTree = "<group>";
		};
		84FDD7D7298E947900A84F14 /* News */ = {
			isa = PBXGroup;
			children = (
				84FDD7EC298E948A00A84F14 /* News */,
				84FDD7F9298E968D00A84F14 /* NetworkService.swift */,
				84FDD806298FEC9900A84F14 /* DescriptionViewController.swift */,
				84FDD80E2990443000A84F14 /* DescriptionViewController.storyboard */,
				84FDD80C2990113600A84F14 /* NewsImageView.swift */,
				84FDD7FF298FD28D00A84F14 /* NewsTableViewCell.swift */,
				84FDD800298FD28D00A84F14 /* NewsTableViewCell.xib */,
				84FDD7F7298E963E00A84F14 /* News.swift */,
				84FDD7D8298E947900A84F14 /* AppDelegate.swift */,
				84FDD7DA298E947900A84F14 /* SceneDelegate.swift */,
				84FDD7E1298E947C00A84F14 /* Assets.xcassets */,
				84FDD7E3298E947C00A84F14 /* LaunchScreen.storyboard */,
				84FDD7E6298E947C00A84F14 /* Info.plist */,
			);
			path = News;
			sourceTree = "<group>";
		};
		84FDD7EC298E948A00A84F14 /* News */ = {
			isa = PBXGroup;
			children = (
				84FDD7ED298E953700A84F14 /* NewsTableViewController.swift */,
				84FDD7EF298E95EA00A84F14 /* NewsPresenter.swift */,
				84FDD7F1298E960A00A84F14 /* NewsInteractor.swift */,
				84FDD7F3298E961A00A84F14 /* NewsConfigurator.swift */,
			);
			path = News;
			sourceTree = "<group>";
		};
/* End PBXGroup section */

/* Begin PBXNativeTarget section */
		84FDD7D4298E947900A84F14 /* News */ = {
			isa = PBXNativeTarget;
			buildConfigurationList = 84FDD7E9298E947C00A84F14 /* Build configuration list for PBXNativeTarget "News" */;
			buildPhases = (
				84FDD7D1298E947900A84F14 /* Sources */,
				84FDD7D2298E947900A84F14 /* Frameworks */,
				84FDD7D3298E947900A84F14 /* Resources */,
			);
			buildRules = (
			);
			dependencies = (
			);
			name = News;
			productName = News;
			productReference = 84FDD7D5298E947900A84F14 /* News.app */;
			productType = "com.apple.product-type.application";
		};
/* End PBXNativeTarget section */

/* Begin PBXProject section */
		84FDD7CD298E947900A84F14 /* Project object */ = {
			isa = PBXProject;
			attributes = {
				BuildIndependentTargetsInParallel = 1;
				LastSwiftUpdateCheck = 1420;
				LastUpgradeCheck = 1420;
				TargetAttributes = {
					84FDD7D4298E947900A84F14 = {
						CreatedOnToolsVersion = 14.2;
					};
				};
			};
			buildConfigurationList = 84FDD7D0298E947900A84F14 /* Build configuration list for PBXProject "News" */;
			compatibilityVersion = "Xcode 14.0";
			developmentRegion = en;
			hasScannedForEncodings = 0;
			knownRegions = (
				en,
				Base,
			);
			mainGroup = 84FDD7CC298E947900A84F14;
			productRefGroup = 84FDD7D6298E947900A84F14 /* Products */;
			projectDirPath = "";
			projectRoot = "";
			targets = (
				84FDD7D4298E947900A84F14 /* News */,
			);
		};
/* End PBXProject section */

/* Begin PBXResourcesBuildPhase section */
		84FDD7D3298E947900A84F14 /* Resources */ = {
			isa = PBXResourcesBuildPhase;
			buildActionMask = 2147483647;
			files = (
				84FDD7E5298E947C00A84F14 /* LaunchScreen.storyboard in Resources */,
				84FDD802298FD28D00A84F14 /* NewsTableViewCell.xib in Resources */,
				84FDD80F2990443000A84F14 /* DescriptionViewController.storyboard in Resources */,
				84FDD7E2298E947C00A84F14 /* Assets.xcassets in Resources */,
			);
			runOnlyForDeploymentPostprocessing = 0;
		};
/* End PBXResourcesBuildPhase section */

/* Begin PBXSourcesBuildPhase section */
		84FDD7D1298E947900A84F14 /* Sources */ = {
			isa = PBXSourcesBuildPhase;
			buildActionMask = 2147483647;
			files = (
				84FDD7D9298E947900A84F14 /* AppDelegate.swift in Sources */,
				84FDD7DB298E947900A84F14 /* SceneDelegate.swift in Sources */,
				84FDD7FA298E968D00A84F14 /* NetworkService.swift in Sources */,
				84FDD7EE298E953700A84F14 /* NewsTableViewController.swift in Sources */,
				84FDD7F4298E961A00A84F14 /* NewsConfigurator.swift in Sources */,
				84FDD80D2990113600A84F14 /* NewsImageView.swift in Sources */,
				84FDD7F8298E963E00A84F14 /* News.swift in Sources */,
				84FDD7F2298E960A00A84F14 /* NewsInteractor.swift in Sources */,
				84FDD7F0298E95EA00A84F14 /* NewsPresenter.swift in Sources */,
				84FDD807298FEC9900A84F14 /* DescriptionViewController.swift in Sources */,
				84FDD801298FD28D00A84F14 /* NewsTableViewCell.swift in Sources */,
			);
			runOnlyForDeploymentPostprocessing = 0;
		};
/* End PBXSourcesBuildPhase section */

/* Begin PBXVariantGroup section */
		84FDD7E3298E947C00A84F14 /* LaunchScreen.storyboard */ = {
			isa = PBXVariantGroup;
			children = (
				84FDD7E4298E947C00A84F14 /* Base */,
			);
			name = LaunchScreen.storyboard;
			sourceTree = "<group>";
		};
/* End PBXVariantGroup section */

/* Begin XCBuildConfiguration section */
		84FDD7E7298E947C00A84F14 /* Debug */ = {
			isa = XCBuildConfiguration;
			buildSettings = {
				ALWAYS_SEARCH_USER_PATHS = NO;
				CLANG_ANALYZER_NONNULL = YES;
				CLANG_ANALYZER_NUMBER_OBJECT_CONVERSION = YES_AGGRESSIVE;
				CLANG_CXX_LANGUAGE_STANDARD = "gnu++20";
				CLANG_ENABLE_MODULES = YES;
				CLANG_ENABLE_OBJC_ARC = YES;
				CLANG_ENABLE_OBJC_WEAK = YES;
				CLANG_WARN_BLOCK_CAPTURE_AUTORELEASING = YES;
				CLANG_WARN_BOOL_CONVERSION = YES;
				CLANG_WARN_COMMA = YES;
				CLANG_WARN_CONSTANT_CONVERSION = YES;
				CLANG_WARN_DEPRECATED_OBJC_IMPLEMENTATIONS = YES;
				CLANG_WARN_DIRECT_OBJC_ISA_USAGE = YES_ERROR;
				CLANG_WARN_DOCUMENTATION_COMMENTS = YES;
				CLANG_WARN_EMPTY_BODY = YES;
				CLANG_WARN_ENUM_CONVERSION = YES;
				CLANG_WARN_INFINITE_RECURSION = YES;
				CLANG_WARN_INT_CONVERSION = YES;
				CLANG_WARN_NON_LITERAL_NULL_CONVERSION = YES;
				CLANG_WARN_OBJC_IMPLICIT_RETAIN_SELF = YES;
				CLANG_WARN_OBJC_LITERAL_CONVERSION = YES;
				CLANG_WARN_OBJC_ROOT_CLASS = YES_ERROR;
				CLANG_WARN_QUOTED_INCLUDE_IN_FRAMEWORK_HEADER = YES;
				CLANG_WARN_RANGE_LOOP_ANALYSIS = YES;
				CLANG_WARN_STRICT_PROTOTYPES = YES;
				CLANG_WARN_SUSPICIOUS_MOVE = YES;
				CLANG_WARN_UNGUARDED_AVAILABILITY = YES_AGGRESSIVE;
				CLANG_WARN_UNREACHABLE_CODE = YES;
				CLANG_WARN__DUPLICATE_METHOD_MATCH = YES;
				COPY_PHASE_STRIP = NO;
				DEBUG_INFORMATION_FORMAT = dwarf;
				ENABLE_STRICT_OBJC_MSGSEND = YES;
				ENABLE_TESTABILITY = YES;
				GCC_C_LANGUAGE_STANDARD = gnu11;
				GCC_DYNAMIC_NO_PIC = NO;
				GCC_NO_COMMON_BLOCKS = YES;
				GCC_OPTIMIZATION_LEVEL = 0;
				GCC_PREPROCESSOR_DEFINITIONS = (
					"DEBUG=1",
					"$(inherited)",
				);
				GCC_WARN_64_TO_32_BIT_CONVERSION = YES;
				GCC_WARN_ABOUT_RETURN_TYPE = YES_ERROR;
				GCC_WARN_UNDECLARED_SELECTOR = YES;
				GCC_WARN_UNINITIALIZED_AUTOS = YES_AGGRESSIVE;
				GCC_WARN_UNUSED_FUNCTION = YES;
				GCC_WARN_UNUSED_VARIABLE = YES;
				IPHONEOS_DEPLOYMENT_TARGET = 16.2;
				MTL_ENABLE_DEBUG_INFO = INCLUDE_SOURCE;
				MTL_FAST_MATH = YES;
				ONLY_ACTIVE_ARCH = YES;
				SDKROOT = iphoneos;
				SWIFT_ACTIVE_COMPILATION_CONDITIONS = DEBUG;
				SWIFT_OPTIMIZATION_LEVEL = "-Onone";
			};
			name = Debug;
		};
		84FDD7E8298E947C00A84F14 /* Release */ = {
			isa = XCBuildConfiguration;
			buildSettings = {
				ALWAYS_SEARCH_USER_PATHS = NO;
				CLANG_ANALYZER_NONNULL = YES;
				CLANG_ANALYZER_NUMBER_OBJECT_CONVERSION = YES_AGGRESSIVE;
				CLANG_CXX_LANGUAGE_STANDARD = "gnu++20";
				CLANG_ENABLE_MODULES = YES;
				CLANG_ENABLE_OBJC_ARC = YES;
				CLANG_ENABLE_OBJC_WEAK = YES;
				CLANG_WARN_BLOCK_CAPTURE_AUTORELEASING = YES;
				CLANG_WARN_BOOL_CONVERSION = YES;
				CLANG_WARN_COMMA = YES;
				CLANG_WARN_CONSTANT_CONVERSION = YES;
				CLANG_WARN_DEPRECATED_OBJC_IMPLEMENTATIONS = YES;
				CLANG_WARN_DIRECT_OBJC_ISA_USAGE = YES_ERROR;
				CLANG_WARN_DOCUMENTATION_COMMENTS = YES;
				CLANG_WARN_EMPTY_BODY = YES;
				CLANG_WARN_ENUM_CONVERSION = YES;
				CLANG_WARN_INFINITE_RECURSION = YES;
				CLANG_WARN_INT_CONVERSION = YES;
				CLANG_WARN_NON_LITERAL_NULL_CONVERSION = YES;
				CLANG_WARN_OBJC_IMPLICIT_RETAIN_SELF = YES;
				CLANG_WARN_OBJC_LITERAL_CONVERSION = YES;
				CLANG_WARN_OBJC_ROOT_CLASS = YES_ERROR;
				CLANG_WARN_QUOTED_INCLUDE_IN_FRAMEWORK_HEADER = YES;
				CLANG_WARN_RANGE_LOOP_ANALYSIS = YES;
				CLANG_WARN_STRICT_PROTOTYPES = YES;
				CLANG_WARN_SUSPICIOUS_MOVE = YES;
				CLANG_WARN_UNGUARDED_AVAILABILITY = YES_AGGRESSIVE;
				CLANG_WARN_UNREACHABLE_CODE = YES;
				CLANG_WARN__DUPLICATE_METHOD_MATCH = YES;
				COPY_PHASE_STRIP = NO;
				DEBUG_INFORMATION_FORMAT = "dwarf-with-dsym";
				ENABLE_NS_ASSERTIONS = NO;
				ENABLE_STRICT_OBJC_MSGSEND = YES;
				GCC_C_LANGUAGE_STANDARD = gnu11;
				GCC_NO_COMMON_BLOCKS = YES;
				GCC_WARN_64_TO_32_BIT_CONVERSION = YES;
				GCC_WARN_ABOUT_RETURN_TYPE = YES_ERROR;
				GCC_WARN_UNDECLARED_SELECTOR = YES;
				GCC_WARN_UNINITIALIZED_AUTOS = YES_AGGRESSIVE;
				GCC_WARN_UNUSED_FUNCTION = YES;
				GCC_WARN_UNUSED_VARIABLE = YES;
				IPHONEOS_DEPLOYMENT_TARGET = 16.2;
				MTL_ENABLE_DEBUG_INFO = NO;
				MTL_FAST_MATH = YES;
				SDKROOT = iphoneos;
				SWIFT_COMPILATION_MODE = wholemodule;
				SWIFT_OPTIMIZATION_LEVEL = "-O";
				VALIDATE_PRODUCT = YES;
			};
			name = Release;
		};
		84FDD7EA298E947C00A84F14 /* Debug */ = {
			isa = XCBuildConfiguration;
			buildSettings = {
				ASSETCATALOG_COMPILER_APPICON_NAME = AppIcon;
				ASSETCATALOG_COMPILER_GLOBAL_ACCENT_COLOR_NAME = AccentColor;
				CODE_SIGN_STYLE = Automatic;
				CURRENT_PROJECT_VERSION = 1;
				DEVELOPMENT_TEAM = 7AFA87CCA7;
				GENERATE_INFOPLIST_FILE = YES;
				INFOPLIST_FILE = News/Info.plist;
				INFOPLIST_KEY_UIApplicationSupportsIndirectInputEvents = YES;
				INFOPLIST_KEY_UILaunchStoryboardName = LaunchScreen;
				INFOPLIST_KEY_UISupportedInterfaceOrientations_iPad = "UIInterfaceOrientationPortrait UIInterfaceOrientationPortraitUpsideDown UIInterfaceOrientationLandscapeLeft UIInterfaceOrientationLandscapeRight";
				INFOPLIST_KEY_UISupportedInterfaceOrientations_iPhone = "UIInterfaceOrientationPortrait UIInterfaceOrientationLandscapeLeft UIInterfaceOrientationLandscapeRight";
				LD_RUNPATH_SEARCH_PATHS = (
					"$(inherited)",
					"@executable_path/Frameworks",
				);
				MARKETING_VERSION = 1.0;
				PRODUCT_BUNDLE_IDENTIFIER = RI.News;
				PRODUCT_NAME = "$(TARGET_NAME)";
				SWIFT_EMIT_LOC_STRINGS = YES;
				SWIFT_VERSION = 5.0;
				TARGETED_DEVICE_FAMILY = "1,2";
			};
			name = Debug;
		};
		84FDD7EB298E947C00A84F14 /* Release */ = {
			isa = XCBuildConfiguration;
			buildSettings = {
				ASSETCATALOG_COMPILER_APPICON_NAME = AppIcon;
				ASSETCATALOG_COMPILER_GLOBAL_ACCENT_COLOR_NAME = AccentColor;
				CODE_SIGN_STYLE = Automatic;
				CURRENT_PROJECT_VERSION = 1;
				DEVELOPMENT_TEAM = 7AFA87CCA7;
				GENERATE_INFOPLIST_FILE = YES;
				INFOPLIST_FILE = News/Info.plist;
				INFOPLIST_KEY_UIApplicationSupportsIndirectInputEvents = YES;
				INFOPLIST_KEY_UILaunchStoryboardName = LaunchScreen;
				INFOPLIST_KEY_UISupportedInterfaceOrientations_iPad = "UIInterfaceOrientationPortrait UIInterfaceOrientationPortraitUpsideDown UIInterfaceOrientationLandscapeLeft UIInterfaceOrientationLandscapeRight";
				INFOPLIST_KEY_UISupportedInterfaceOrientations_iPhone = "UIInterfaceOrientationPortrait UIInterfaceOrientationLandscapeLeft UIInterfaceOrientationLandscapeRight";
				LD_RUNPATH_SEARCH_PATHS = (
					"$(inherited)",
					"@executable_path/Frameworks",
				);
				MARKETING_VERSION = 1.0;
				PRODUCT_BUNDLE_IDENTIFIER = RI.News;
				PRODUCT_NAME = "$(TARGET_NAME)";
				SWIFT_EMIT_LOC_STRINGS = YES;
				SWIFT_VERSION = 5.0;
				TARGETED_DEVICE_FAMILY = "1,2";
			};
			name = Release;
		};
/* End XCBuildConfiguration section */

/* Begin XCConfigurationList section */
		84FDD7D0298E947900A84F14 /* Build configuration list for PBXProject "News" */ = {
			isa = XCConfigurationList;
			buildConfigurations = (
				84FDD7E7298E947C00A84F14 /* Debug */,
				84FDD7E8298E947C00A84F14 /* Release */,
			);
			defaultConfigurationIsVisible = 0;
			defaultConfigurationName = Release;
		};
		84FDD7E9298E947C00A84F14 /* Build configuration list for PBXNativeTarget "News" */ = {
			isa = XCConfigurationList;
			buildConfigurations = (
				84FDD7EA298E947C00A84F14 /* Debug */,
				84FDD7EB298E947C00A84F14 /* Release */,
			);
			defaultConfigurationIsVisible = 0;
			defaultConfigurationName = Release;
		};
/* End XCConfigurationList section */
	};
	rootObject = 84FDD7CD298E947900A84F14 /* Project object */;
}
